
Microsoft Visual Studio Solution File, Format Version 12.00
# Visual Studio Version 17
VisualStudioVersion = 17.6.33829.357
MinimumVisualStudioVersion = 10.0.40219.1
Project("{9A19103F-16F7-4668-BE54-9A1E7A4F7556}") = "Memory_SAE_Version_Dynamique", "Memory_SAE_Version_Dynamique\Memory_SAE_Version_Dynamique.csproj", "{34CD6A06-59BA-4869-B6F6-9182392C5767}"
EndProject
Global
	GlobalSection(SolutionConfigurationPlatforms) = preSolution
		Debug|Any CPU = Debug|Any CPU
		Release|Any CPU = Release|Any CPU
	EndGlobalSection
	GlobalSection(ProjectConfigurationPlatforms) = postSolution
		{34CD6A06-59BA-4869-B6F6-9182392C5767}.Debug|Any CPU.ActiveCfg = Debug|Any CPU
		{34CD6A06-59BA-4869-B6F6-9182392C5767}.Debug|Any CPU.Build.0 = Debug|Any CPU
		{34CD6A06-59BA-4869-B6F6-9182392C5767}.Release|Any CPU.ActiveCfg = Release|Any CPU
		{34CD6A06-59BA-4869-B6F6-9182392C5767}.Release|Any CPU.Build.0 = Release|Any CPU
	EndGlobalSection
	GlobalSection(SolutionProperties) = preSolution
		HideSolutionNode = FALSE
	EndGlobalSection
	GlobalSection(ExtensibilityGlobals) = postSolution
		SolutionGuid = {6AC9CF62-DCDC-4E50-B757-31E7E93A2FFE}
	EndGlobalSection
EndGlobal
